// !$*UTF8*$!
{
	archiveVersion = 1;
	classes = {
	};
	objectVersion = 48;
	objects = {

/* Begin PBXBuildFile section */
		D085CE371FDE5C2D00A9C531 /* AppDelegate.swift in Sources */ = {isa = PBXBuildFile; fileRef = D085CE361FDE5C2D00A9C531 /* AppDelegate.swift */; };
		D085CE391FDE5C2D00A9C531 /* ViewController.swift in Sources */ = {isa = PBXBuildFile; fileRef = D085CE381FDE5C2D00A9C531 /* ViewController.swift */; };
		D085CE3E1FDE5C2D00A9C531 /* Assets.xcassets in Resources */ = {isa = PBXBuildFile; fileRef = D085CE3D1FDE5C2D00A9C531 /* Assets.xcassets */; };
		D085CE411FDE5C2D00A9C531 /* LaunchScreen.storyboard in Resources */ = {isa = PBXBuildFile; fileRef = D085CE3F1FDE5C2D00A9C531 /* LaunchScreen.storyboard */; };
		D085CE491FDE901B00A9C531 /* CollectionViewCell.swift in Sources */ = {isa = PBXBuildFile; fileRef = D085CE481FDE901B00A9C531 /* CollectionViewCell.swift */; };
		D08B99CB1FDF182B00F54CBC /* Main.storyboard in Resources */ = {isa = PBXBuildFile; fileRef = D08B99CA1FDF182A00F54CBC /* Main.storyboard */; };
/* End PBXBuildFile section */

/* Begin PBXFileReference section */
		D085CE331FDE5C2D00A9C531 /* SmartHomeWS.app */ = {isa = PBXFileReference; explicitFileType = wrapper.application; includeInIndex = 0; path = SmartHomeWS.app; sourceTree = BUILT_PRODUCTS_DIR; };
		D085CE361FDE5C2D00A9C531 /* AppDelegate.swift */ = {isa = PBXFileReference; lastKnownFileType = sourcecode.swift; path = AppDelegate.swift; sourceTree = "<group>"; };
		D085CE381FDE5C2D00A9C531 /* ViewController.swift */ = {isa = PBXFileReference; lastKnownFileType = sourcecode.swift; path = ViewController.swift; sourceTree = "<group>"; };
		D085CE3D1FDE5C2D00A9C531 /* Assets.xcassets */ = {isa = PBXFileReference; lastKnownFileType = folder.assetcatalog; path = Assets.xcassets; sourceTree = "<group>"; };
		D085CE401FDE5C2D00A9C531 /* Base */ = {isa = PBXFileReference; lastKnownFileType = file.storyboard; name = Base; path = Base.lproj/LaunchScreen.storyboard; sourceTree = "<group>"; };
		D085CE421FDE5C2D00A9C531 /* Info.plist */ = {isa = PBXFileReference; lastKnownFileType = text.plist.xml; path = Info.plist; sourceTree = "<group>"; };
		D085CE481FDE901B00A9C531 /* CollectionViewCell.swift */ = {isa = PBXFileReference; lastKnownFileType = sourcecode.swift; path = CollectionViewCell.swift; sourceTree = "<group>"; };
		D08B99CA1FDF182A00F54CBC /* Main.storyboard */ = {isa = PBXFileReference; fileEncoding = 4; lastKnownFileType = file.storyboard; path = Main.storyboard; sourceTree = "<group>"; };
/* End PBXFileReference section */

/* Begin PBXFrameworksBuildPhase section */
		D085CE301FDE5C2D00A9C531 /* Frameworks */ = {
			isa = PBXFrameworksBuildPhase;
			buildActionMask = 2147483647;
			files = (
			);
			runOnlyForDeploymentPostprocessing = 0;
		};
/* End PBXFrameworksBuildPhase section */

/* Begin PBXGroup section */
		D085CE2A1FDE5C2D00A9C531 = {
			isa = PBXGroup;
			children = (
				D085CE351FDE5C2D00A9C531 /* SmartHomeWS */,
				D085CE341FDE5C2D00A9C531 /* Products */,
			);
			sourceTree = "<group>";
		};
		D085CE341FDE5C2D00A9C531 /* Products */ = {
			isa = PBXGroup;
			children = (
				D085CE331FDE5C2D00A9C531 /* SmartHomeWS.app */,
			);
			name = Products;
			sourceTree = "<group>";
		};
		D085CE351FDE5C2D00A9C531 /* SmartHomeWS */ = {
			isa = PBXGroup;
			children = (
				D085CE361FDE5C2D00A9C531 /* AppDelegate.swift */,
				D085CE481FDE901B00A9C531 /* CollectionViewCell.swift */,
				D085CE381FDE5C2D00A9C531 /* ViewController.swift */,
				D08B99CA1FDF182A00F54CBC /* Main.storyboard */,
				D085CE3D1FDE5C2D00A9C531 /* Assets.xcassets */,
				D085CE3F1FDE5C2D00A9C531 /* LaunchScreen.storyboard */,
				D085CE421FDE5C2D00A9C531 /* Info.plist */,
			);
			path = SmartHomeWS;
			sourceTree = "<group>";
		};
/* End PBXGroup section */

/* Begin PBXNativeTarget section */
		D085CE321FDE5C2D00A9C531 /* SmartHomeWS */ = {
			isa = PBXNativeTarget;
			buildConfigurationList = D085CE451FDE5C2D00A9C531 /* Build configuration list for PBXNativeTarget "SmartHomeWS" */;
			buildPhases = (
				D085CE2F1FDE5C2D00A9C531 /* Sources */,
				D085CE301FDE5C2D00A9C531 /* Frameworks */,
				D085CE311FDE5C2D00A9C531 /* Resources */,
			);
			buildRules = (
			);
			dependencies = (
			);
			name = SmartHomeWS;
			productName = SmartHomeWS;
			productReference = D085CE331FDE5C2D00A9C531 /* SmartHomeWS.app */;
			productType = "com.apple.product-type.application";
		};
/* End PBXNativeTarget section */

/* Begin PBXProject section */
		D085CE2B1FDE5C2D00A9C531 /* Project object */ = {
			isa = PBXProject;
			attributes = {
				LastSwiftUpdateCheck = 0900;
				LastUpgradeCheck = 0900;
				ORGANIZATIONNAME = Nick;
				TargetAttributes = {
					D085CE321FDE5C2D00A9C531 = {
						CreatedOnToolsVersion = 9.0.1;
						ProvisioningStyle = Automatic;
					};
				};
			};
			buildConfigurationList = D085CE2E1FDE5C2D00A9C531 /* Build configuration list for PBXProject "SmartHomeWS" */;
			compatibilityVersion = "Xcode 8.0";
			developmentRegion = en;
			hasScannedForEncodings = 0;
			knownRegions = (
				en,
				Base,
			);
			mainGroup = D085CE2A1FDE5C2D00A9C531;
			productRefGroup = D085CE341FDE5C2D00A9C531 /* Products */;
			projectDirPath = "";
			projectRoot = "";
			targets = (
				D085CE321FDE5C2D00A9C531 /* SmartHomeWS */,
			);
		};
/* End PBXProject section */

/* Begin PBXResourcesBuildPhase section */
		D085CE311FDE5C2D00A9C531 /* Resources */ = {
			isa = PBXResourcesBuildPhase;
			buildActionMask = 2147483647;
			files = (
				D08B99CB1FDF182B00F54CBC /* Main.storyboard in Resources */,
				D085CE411FDE5C2D00A9C531 /* LaunchScreen.storyboard in Resources */,
				D085CE3E1FDE5C2D00A9C531 /* Assets.xcassets in Resources */,
			);
			runOnlyForDeploymentPostprocessing = 0;
		};
/* End PBXResourcesBuildPhase section */

/* Begin PBXSourcesBuildPhase section */
		D085CE2F1FDE5C2D00A9C531 /* Sources */ = {
			isa = PBXSourcesBuildPhase;
			buildActionMask = 2147483647;
			files = (
				D085CE391FDE5C2D00A9C531 /* ViewController.swift in Sources */,
				D085CE371FDE5C2D00A9C531 /* AppDelegate.swift in Sources */,
				D085CE491FDE901B00A9C531 /* CollectionViewCell.swift in Sources */,
			);
			runOnlyForDeploymentPostprocessing = 0;
		};
/* End PBXSourcesBuildPhase section */

/* Begin PBXVariantGroup section */
		D085CE3F1FDE5C2D00A9C531 /* LaunchScreen.storyboard */ = {
			isa = PBXVariantGroup;
			children = (
				D085CE401FDE5C2D00A9C531 /* Base */,
			);
			name = LaunchScreen.storyboard;
			sourceTree = "<group>";
		};
/* End PBXVariantGroup section */

/* Begin XCBuildConfiguration section */
		D085CE431FDE5C2D00A9C531 /* Debug */ = {
			isa = XCBuildConfiguration;
			buildSettings = {
				ALWAYS_SEARCH_USER_PATHS = NO;
				CLANG_ANALYZER_NONNULL = YES;
				CLANG_ANALYZER_NUMBER_OBJECT_CONVERSION = YES_AGGRESSIVE;
				CLANG_CXX_LANGUAGE_STANDARD = "gnu++14";
				CLANG_CXX_LIBRARY = "libc++";
				CLANG_ENABLE_MODULES = YES;
				CLANG_ENABLE_OBJC_ARC = YES;
				CLANG_WARN_BLOCK_CAPTURE_AUTORELEASING = YES;
				CLANG_WARN_BOOL_CONVERSION = YES;
				CLANG_WARN_COMMA = YES;
				CLANG_WARN_CONSTANT_CONVERSION = YES;
				CLANG_WARN_DIRECT_OBJC_ISA_USAGE = YES_ERROR;
				CLANG_WARN_DOCUMENTATION_COMMENTS = YES;
				CLANG_WARN_EMPTY_BODY = YES;
				CLANG_WARN_ENUM_CONVERSION = YES;
				CLANG_WARN_INFINITE_RECURSION = YES;
				CLANG_WARN_INT_CONVERSION = YES;
				CLANG_WARN_NON_LITERAL_NULL_CONVERSION = YES;
				CLANG_WARN_OBJC_LITERAL_CONVERSION = YES;
				CLANG_WARN_OBJC_ROOT_CLASS = YES_ERROR;
				CLANG_WARN_RANGE_LOOP_ANALYSIS = YES;
				CLANG_WARN_STRICT_PROTOTYPES = YES;
				CLANG_WARN_SUSPICIOUS_MOVE = YES;
				CLANG_WARN_UNGUARDED_AVAILABILITY = YES_AGGRESSIVE;
				CLANG_WARN_UNREACHABLE_CODE = YES;
				CLANG_WARN__DUPLICATE_METHOD_MATCH = YES;
				CODE_SIGN_IDENTITY = "iPhone Developer";
				COPY_PHASE_STRIP = NO;
				DEBUG_INFORMATION_FORMAT = dwarf;
				ENABLE_STRICT_OBJC_MSGSEND = YES;
				ENABLE_TESTABILITY = YES;
				GCC_C_LANGUAGE_STANDARD = gnu11;
				GCC_DYNAMIC_NO_PIC = NO;
				GCC_NO_COMMON_BLOCKS = YES;
				GCC_OPTIMIZATION_LEVEL = 0;
				GCC_PREPROCESSOR_DEFINITIONS = (
					"DEBUG=1",
					"$(inherited)",
				);
				GCC_WARN_64_TO_32_BIT_CONVERSION = YES;
				GCC_WARN_ABOUT_RETURN_TYPE = YES_ERROR;
				GCC_WARN_UNDECLARED_SELECTOR = YES;
				GCC_WARN_UNINITIALIZED_AUTOS = YES_AGGRESSIVE;
				GCC_WARN_UNUSED_FUNCTION = YES;
				GCC_WARN_UNUSED_VARIABLE = YES;
				IPHONEOS_DEPLOYMENT_TARGET = 11.0;
				MTL_ENABLE_DEBUG_INFO = YES;
				ONLY_ACTIVE_ARCH = YES;
				SDKROOT = iphoneos;
				SWIFT_ACTIVE_COMPILATION_CONDITIONS = DEBUG;
				SWIFT_OPTIMIZATION_LEVEL = "-Onone";
			};
			name = Debug;
		};
		D085CE441FDE5C2D00A9C531 /* Release */ = {
			isa = XCBuildConfiguration;
			buildSettings = {
				ALWAYS_SEARCH_USER_PATHS = NO;
				CLANG_ANALYZER_NONNULL = YES;
				CLANG_ANALYZER_NUMBER_OBJECT_CONVERSION = YES_AGGRESSIVE;
				CLANG_CXX_LANGUAGE_STANDARD = "gnu++14";
				CLANG_CXX_LIBRARY = "libc++";
				CLANG_ENABLE_MODULES = YES;
				CLANG_ENABLE_OBJC_ARC = YES;
				CLANG_WARN_BLOCK_CAPTURE_AUTORELEASING = YES;
				CLANG_WARN_BOOL_CONVERSION = YES;
				CLANG_WARN_COMMA = YES;
				CLANG_WARN_CONSTANT_CONVERSION = YES;
				CLANG_WARN_DIRECT_OBJC_ISA_USAGE = YES_ERROR;
				CLANG_WARN_DOCUMENTATION_COMMENTS = YES;
				CLANG_WARN_EMPTY_BODY = YES;
				CLANG_WARN_ENUM_CONVERSION = YES;
				CLANG_WARN_INFINITE_RECURSION = YES;
				CLANG_WARN_INT_CONVERSION = YES;
				CLANG_WARN_NON_LITERAL_NULL_CONVERSION = YES;
				CLANG_WARN_OBJC_LITERAL_CONVERSION = YES;
				CLANG_WARN_OBJC_ROOT_CLASS = YES_ERROR;
				CLANG_WARN_RANGE_LOOP_ANALYSIS = YES;
				CLANG_WARN_STRICT_PROTOTYPES = YES;
				CLANG_WARN_SUSPICIOUS_MOVE = YES;
				CLANG_WARN_UNGUARDED_AVAILABILITY = YES_AGGRESSIVE;
				CLANG_WARN_UNREACHABLE_CODE = YES;
				CLANG_WARN__DUPLICATE_METHOD_MATCH = YES;
				CODE_SIGN_IDENTITY = "iPhone Developer";
				COPY_PHASE_STRIP = NO;
				DEBUG_INFORMATION_FORMAT = "dwarf-with-dsym";
				ENABLE_NS_ASSERTIONS = NO;
				ENABLE_STRICT_OBJC_MSGSEND = YES;
				GCC_C_LANGUAGE_STANDARD = gnu11;
				GCC_NO_COMMON_BLOCKS = YES;
				GCC_WARN_64_TO_32_BIT_CONVERSION = YES;
				GCC_WARN_ABOUT_RETURN_TYPE = YES_ERROR;
				GCC_WARN_UNDECLARED_SELECTOR = YES;
				GCC_WARN_UNINITIALIZED_AUTOS = YES_AGGRESSIVE;
				GCC_WARN_UNUSED_FUNCTION = YES;
				GCC_WARN_UNUSED_VARIABLE = YES;
				IPHONEOS_DEPLOYMENT_TARGET = 11.0;
				MTL_ENABLE_DEBUG_INFO = NO;
				SDKROOT = iphoneos;
				SWIFT_OPTIMIZATION_LEVEL = "-Owholemodule";
				VALIDATE_PRODUCT = YES;
			};
			name = Release;
		};
		D085CE461FDE5C2D00A9C531 /* Debug */ = {
			isa = XCBuildConfiguration;
			buildSettings = {
				ASSETCATALOG_COMPILER_APPICON_NAME = AppIcon;
				CODE_SIGN_STYLE = Automatic;
				DEVELOPMENT_TEAM = 8TM4653D92;
				INFOPLIST_FILE = SmartHomeWS/Info.plist;
				LD_RUNPATH_SEARCH_PATHS = "$(inherited) @executable_path/Frameworks";
				PRODUCT_BUNDLE_IDENTIFIER = nick.company.SmartHomeWS;
				PRODUCT_NAME = "$(TARGET_NAME)";
				SWIFT_VERSION = 4.0;
				TARGETED_DEVICE_FAMILY = "1,2";
			};
			name = Debug;
		};
		D085CE471FDE5C2D00A9C531 /* Release */ = {
			isa = XCBuildConfiguration;
			buildSettings = {
				ASSETCATALOG_COMPILER_APPICON_NAME = AppIcon;
				CODE_SIGN_STYLE = Automatic;
				DEVELOPMENT_TEAM = 8TM4653D92;
				INFOPLIST_FILE = SmartHomeWS/Info.plist;
				LD_RUNPATH_SEARCH_PATHS = "$(inherited) @executable_path/Frameworks";
				PRODUCT_BUNDLE_IDENTIFIER = nick.company.SmartHomeWS;
				PRODUCT_NAME = "$(TARGET_NAME)";
				SWIFT_VERSION = 4.0;
				TARGETED_DEVICE_FAMILY = "1,2";
			};
			name = Release;
		};
/* End XCBuildConfiguration section */

/* Begin XCConfigurationList section */
		D085CE2E1FDE5C2D00A9C531 /* Build configuration list for PBXProject "SmartHomeWS" */ = {
			isa = XCConfigurationList;
			buildConfigurations = (
				D085CE431FDE5C2D00A9C531 /* Debug */,
				D085CE441FDE5C2D00A9C531 /* Release */,
			);
			defaultConfigurationIsVisible = 0;
			defaultConfigurationName = Release;
		};
		D085CE451FDE5C2D00A9C531 /* Build configuration list for PBXNativeTarget "SmartHomeWS" */ = {
			isa = XCConfigurationList;
			buildConfigurations = (
				D085CE461FDE5C2D00A9C531 /* Debug */,
				D085CE471FDE5C2D00A9C531 /* Release */,
			);
			defaultConfigurationIsVisible = 0;
			defaultConfigurationName = Release;
		};
/* End XCConfigurationList section */
	};
	rootObject = D085CE2B1FDE5C2D00A9C531 /* Project object */;
}
